<?xml version="1.0" encoding="utf-8"?>
<Project ToolsVersion="4.0" xmlns="http://schemas.microsoft.com/developer/msbuild/2003">
  <ItemGroup>
    <Filter Include="Source Files">
      <UniqueIdentifier>{4FC737F1-C7A5-4376-A066-2A32D752A2FF}</UniqueIdentifier>
      <Extensions>cpp;c;cc;cxx;def;odl;idl;hpj;bat;asm;asmx</Extensions>
    </Filter>
    <Filter Include="Header Files">
      <UniqueIdentifier>{93995380-89BD-4b04-88EB-625FBE52EBFB}</UniqueIdentifier>
      <Extensions>h;hpp;hxx;hm;inl;inc;xsd</Extensions>
    </Filter>
    <Filter Include="Resource Files">
      <UniqueIdentifier>{67DA6AB6-F800-4c08-8B7A-83BB121AAD01}</UniqueIdentifier>
      <Extensions>rc;ico;cur;bmp;dlg;rc2;rct;bin;rgs;gif;jpg;jpeg;jpe;resx;tiff;tif;png;wav;mfcribbon-ms</Extensions>
    </Filter>
    <Filter Include="Source Files\Channel">
      <UniqueIdentifier>{8012db1d-b2b0-47ea-9bc1-4c91a80f13bf}</UniqueIdentifier>
    </Filter>
    <Filter Include="Source Files\Input">
      <UniqueIdentifier>{e2ad20b7-6b92-46df-aeb3-04cea911ea83}</UniqueIdentifier>
    </Filter>
    <Filter Include="Source Files\json">
      <UniqueIdentifier>{d3d36c59-b2f5-4dd4-89fa-86a764c65942}</UniqueIdentifier>
    </Filter>
    <Filter Include="Source Files\video">
      <UniqueIdentifier>{9ea73708-2c3f-4e41-937d-d433fb54472d}</UniqueIdentifier>
    </Filter>
  </ItemGroup>
  <ItemGroup>
    <None Include="SVCBox.def">
      <Filter>Source Files</Filter>
    </None>
    <None Include="SVCBox.ico">
      <Filter>Resource Files</Filter>
    </None>
    <None Include="SVCBoxCtrl.bmp">
      <Filter>Resource Files</Filter>
    </None>
    <None Include="..\..\share\cpp\jsoncpp\json_internalarray.inl">
      <Filter>Source Files\json</Filter>
    </None>
    <None Include="..\..\share\cpp\jsoncpp\json_internalmap.inl">
      <Filter>Source Files\json</Filter>
    </None>
    <None Include="..\..\share\cpp\jsoncpp\json_valueiterator.inl">
      <Filter>Source Files\json</Filter>
    </None>
  </ItemGroup>
  <ItemGroup>
    <ClCompile Include="stdafx.cpp">
      <Filter>Source Files</Filter>
    </ClCompile>
    <ClCompile Include="SVCBox.cpp">
      <Filter>Source Files</Filter>
    </ClCompile>
    <ClCompile Include="SVCBoxCtrl.cpp">
      <Filter>Source Files</Filter>
    </ClCompile>
    <ClCompile Include="SVCBoxPropPage.cpp">
      <Filter>Source Files</Filter>
    </ClCompile>
    <ClCompile Include="BoxView.cpp">
      <Filter>Source Files\video</Filter>
    </ClCompile>
    <ClCompile Include="Channel\SVCChannel.cpp">
      <Filter>Source Files\Channel</Filter>
    </ClCompile>
    <ClCompile Include="Input\RawData.cpp">
      <Filter>Source Files\Input</Filter>
    </ClCompile>
    <ClCompile Include="Input\touch_event.pb.cc">
      <Filter>Source Files\Input</Filter>
    </ClCompile>
    <ClCompile Include="Input\InputManager.cpp">
      <Filter>Source Files\Input</Filter>
    </ClCompile>
    <ClCompile Include="Channel\IMEAppProtocol.cpp">
      <Filter>Source Files\Channel</Filter>
    </ClCompile>
    <ClCompile Include="..\..\share\cpp\jsoncpp\json_reader.cpp">
      <Filter>Source Files\json</Filter>
    </ClCompile>
    <ClCompile Include="..\..\share\cpp\jsoncpp\json_value.cpp">
      <Filter>Source Files\json</Filter>
    </ClCompile>
    <ClCompile Include="..\..\share\cpp\jsoncpp\json_writer.cpp">
      <Filter>Source Files\json</Filter>
    </ClCompile>
    <ClCompile Include="Input\KeyboardMapper.cpp">
      <Filter>Source Files\Input</Filter>
    </ClCompile>
    <ClCompile Include="MainFrame.cpp">
      <Filter>Source Files</Filter>
    </ClCompile>
    <ClCompile Include="Input\InputHookHelper.cpp">
      <Filter>Source Files\Input</Filter>
    </ClCompile>
    <ClCompile Include="Input\ScreenZoomHandler.cpp">
      <Filter>Source Files\Input</Filter>
    </ClCompile>
    <ClCompile Include="Input\MouseOperationHandler.cpp">
      <Filter>Source Files\Input</Filter>
    </ClCompile>
    <ClCompile Include="CommonDefine.cpp">
      <Filter>Source Files</Filter>
    </ClCompile>
  </ItemGroup>
  <ItemGroup>
    <ClInclude Include="stdafx.h">
      <Filter>Header Files</Filter>
    </ClInclude>
    <ClInclude Include="targetver.h">
      <Filter>Header Files</Filter>
    </ClInclude>
    <ClInclude Include="SVCBox.h">
      <Filter>Header Files</Filter>
    </ClInclude>
    <ClInclude Include="Resource.h">
      <Filter>Header Files</Filter>
    </ClInclude>
    <ClInclude Include="SVCBoxCtrl.h">
      <Filter>Header Files</Filter>
    </ClInclude>
    <ClInclude Include="SVCBoxPropPage.h">
      <Filter>Header Files</Filter>
    </ClInclude>
    <ClInclude Include="MainFrame.h">
      <Filter>Header Files</Filter>
    </ClInclude>
    <ClInclude Include="UpgradeInfo.h">
      <Filter>Header Files</Filter>
    </ClInclude>
    <ClInclude Include="..\..\share\cpp\jsoncpp\json_batchallocator.h">
      <Filter>Source Files\json</Filter>
    </ClInclude>
    <ClInclude Include="..\..\share\cpp\jsoncpp\json_tool.h">
      <Filter>Source Files\json</Filter>
    </ClInclude>
    <ClInclude Include="..\..\share\include\json\assertions.h">
      <Filter>Source Files\json</Filter>
    </ClInclude>
    <ClInclude Include="..\..\share\include\json\autolink.h">
      <Filter>Source Files\json</Filter>
    </ClInclude>
    <ClInclude Include="..\..\share\include\json\config.h">
      <Filter>Source Files\json</Filter>
    </ClInclude>
    <ClInclude Include="..\..\share\include\json\features.h">
      <Filter>Source Files\json</Filter>
    </ClInclude>
    <ClInclude Include="..\..\share\include\json\forwards.h">
      <Filter>Source Files\json</Filter>
    </ClInclude>
    <ClInclude Include="..\..\share\include\json\json.h">
      <Filter>Source Files\json</Filter>
    </ClInclude>
    <ClInclude Include="..\..\share\include\json\reader.h">
      <Filter>Source Files\json</Filter>
    </ClInclude>
    <ClInclude Include="..\..\share\include\json\value.h">
      <Filter>Source Files\json</Filter>
    </ClInclude>
    <ClInclude Include="..\..\share\include\json\version.h">
      <Filter>Source Files\json</Filter>
    </ClInclude>
    <ClInclude Include="..\..\share\include\json\writer.h">
      <Filter>Source Files\json</Filter>
    </ClInclude>
    <ClInclude Include="Input\InputHookHelper.h">
      <Filter>Header Files</Filter>
    </ClInclude>
    <ClInclude Include="Input\InputManager.h">
      <Filter>Header Files</Filter>
    </ClInclude>
    <ClInclude Include="BoxView.h">
      <Filter>Header Files</Filter>
    </ClInclude>
    <ClInclude Include="CBoxFinder.h">
      <Filter>Header Files</Filter>
    </ClInclude>
    <ClInclude Include="CommonDefine.h">
      <Filter>Header Files</Filter>
    </ClInclude>
  </ItemGroup>
  <ItemGroup>
    <ResourceCompile Include="SVCBox.rc">
      <Filter>Resource Files</Filter>
    </ResourceCompile>
  </ItemGroup>
  <ItemGroup>
    <Midl Include="SVCBox.idl">
      <Filter>Source Files</Filter>
    </Midl>
  </ItemGroup>
</Project>