
Microsoft Visual Studio Solution File, Format Version 12.00
# Visual Studio 2013
VisualStudioVersion = 12.0.40629.0
MinimumVisualStudioVersion = 10.0.40219.1
Project("{8BC9CEB8-8B4A-11D0-8D11-00A0C91BC942}") = "SVCBox", "..\SVCBox\SVCBox.vcxproj", "{4F2B2D2E-8A92-423E-BADD-6279E7A6F55A}"
EndProject
Project("{FAE04EC0-301F-11D3-BF4B-00C04F79EFBC}") = "UGameMain", "..\UYouMain\UGameMain.csproj", "{E3C564B0-6AAD-4BF7-ABE7-5948F6C8D8C5}"
	ProjectSection(ProjectDependencies) = postProject
		{4F2B2D2E-8A92-423E-BADD-6279E7A6F55A} = {4F2B2D2E-8A92-423E-BADD-6279E7A6F55A}
	EndProjectSection
EndProject
Project("{8BC9CEB8-8B4A-11D0-8D11-00A0C91BC942}") = "SVCBoxTest", "..\SVCBox\Test\SVCBoxTest.vcxproj", "{2E5B739B-B26D-4EA2-929E-2F848DCBB061}"
EndProject
Project("{8BC9CEB8-8B4A-11D0-8D11-00A0C91BC942}") = "BoxManager", "..\BoxManager\BoxManager.vcxproj", "{FF1D940E-3723-4A4B-96A9-0C38EE52EA53}"
EndProject
Project("{8BC9CEB8-8B4A-11D0-8D11-00A0C91BC942}") = "Common", "..\Common\Common.vcxproj", "{31ED44A3-5309-481D-B27C-0D6F3C4D1DD1}"
EndProject
Project("{8BC9CEB8-8B4A-11D0-8D11-00A0C91BC942}") = "Update", "..\Update\Update.vcxproj", "{6C8FA96F-E23B-43D6-A7A9-95EA73190F01}"
EndProject
Global
	GlobalSection(SolutionConfigurationPlatforms) = preSolution
		Debug_Unicode|Any CPU = Debug_Unicode|Any CPU
		Debug_Unicode|Mixed Platforms = Debug_Unicode|Mixed Platforms
		Debug_Unicode|Win32 = Debug_Unicode|Win32
		Debug_Unicode|x64 = Debug_Unicode|x64
		Debug_Unicode|x86 = Debug_Unicode|x86
		Debug|Any CPU = Debug|Any CPU
		Debug|Mixed Platforms = Debug|Mixed Platforms
		Debug|Win32 = Debug|Win32
		Debug|x64 = Debug|x64
		Debug|x86 = Debug|x86
		Release_Unicode|Any CPU = Release_Unicode|Any CPU
		Release_Unicode|Mixed Platforms = Release_Unicode|Mixed Platforms
		Release_Unicode|Win32 = Release_Unicode|Win32
		Release_Unicode|x64 = Release_Unicode|x64
		Release_Unicode|x86 = Release_Unicode|x86
		Release|Any CPU = Release|Any CPU
		Release|Mixed Platforms = Release|Mixed Platforms
		Release|Win32 = Release|Win32
		Release|x64 = Release|x64
		Release|x86 = Release|x86
	EndGlobalSection
	GlobalSection(ProjectConfigurationPlatforms) = postSolution
		{4F2B2D2E-8A92-423E-BADD-6279E7A6F55A}.Debug_Unicode|Any CPU.ActiveCfg = Debug|Win32
		{4F2B2D2E-8A92-423E-BADD-6279E7A6F55A}.Debug_Unicode|Mixed Platforms.ActiveCfg = Debug|Win32
		{4F2B2D2E-8A92-423E-BADD-6279E7A6F55A}.Debug_Unicode|Mixed Platforms.Build.0 = Debug|Win32
		{4F2B2D2E-8A92-423E-BADD-6279E7A6F55A}.Debug_Unicode|Win32.ActiveCfg = Debug|Win32
		{4F2B2D2E-8A92-423E-BADD-6279E7A6F55A}.Debug_Unicode|Win32.Build.0 = Debug|Win32
		{4F2B2D2E-8A92-423E-BADD-6279E7A6F55A}.Debug_Unicode|x64.ActiveCfg = Debug|Win32
		{4F2B2D2E-8A92-423E-BADD-6279E7A6F55A}.Debug_Unicode|x86.ActiveCfg = Debug|Win32
		{4F2B2D2E-8A92-423E-BADD-6279E7A6F55A}.Debug_Unicode|x86.Build.0 = Debug|Win32
		{4F2B2D2E-8A92-423E-BADD-6279E7A6F55A}.Debug|Any CPU.ActiveCfg = Debug|Win32
		{4F2B2D2E-8A92-423E-BADD-6279E7A6F55A}.Debug|Mixed Platforms.ActiveCfg = Debug|Win32
		{4F2B2D2E-8A92-423E-BADD-6279E7A6F55A}.Debug|Mixed Platforms.Build.0 = Debug|Win32
		{4F2B2D2E-8A92-423E-BADD-6279E7A6F55A}.Debug|Win32.ActiveCfg = Debug|Win32
		{4F2B2D2E-8A92-423E-BADD-6279E7A6F55A}.Debug|Win32.Build.0 = Debug|Win32
		{4F2B2D2E-8A92-423E-BADD-6279E7A6F55A}.Debug|x64.ActiveCfg = Debug|Win32
		{4F2B2D2E-8A92-423E-BADD-6279E7A6F55A}.Debug|x86.ActiveCfg = Debug|Win32
		{4F2B2D2E-8A92-423E-BADD-6279E7A6F55A}.Debug|x86.Build.0 = Debug|Win32
		{4F2B2D2E-8A92-423E-BADD-6279E7A6F55A}.Release_Unicode|Any CPU.ActiveCfg = Release|Win32
		{4F2B2D2E-8A92-423E-BADD-6279E7A6F55A}.Release_Unicode|Mixed Platforms.ActiveCfg = Release|Win32
		{4F2B2D2E-8A92-423E-BADD-6279E7A6F55A}.Release_Unicode|Mixed Platforms.Build.0 = Release|Win32
		{4F2B2D2E-8A92-423E-BADD-6279E7A6F55A}.Release_Unicode|Win32.ActiveCfg = Release|Win32
		{4F2B2D2E-8A92-423E-BADD-6279E7A6F55A}.Release_Unicode|Win32.Build.0 = Release|Win32
		{4F2B2D2E-8A92-423E-BADD-6279E7A6F55A}.Release_Unicode|x64.ActiveCfg = Release|Win32
		{4F2B2D2E-8A92-423E-BADD-6279E7A6F55A}.Release_Unicode|x86.ActiveCfg = Release|Win32
		{4F2B2D2E-8A92-423E-BADD-6279E7A6F55A}.Release_Unicode|x86.Build.0 = Release|Win32
		{4F2B2D2E-8A92-423E-BADD-6279E7A6F55A}.Release|Any CPU.ActiveCfg = Release|Win32
		{4F2B2D2E-8A92-423E-BADD-6279E7A6F55A}.Release|Mixed Platforms.ActiveCfg = Release|Win32
		{4F2B2D2E-8A92-423E-BADD-6279E7A6F55A}.Release|Mixed Platforms.Build.0 = Release|Win32
		{4F2B2D2E-8A92-423E-BADD-6279E7A6F55A}.Release|Win32.ActiveCfg = Release|Win32
		{4F2B2D2E-8A92-423E-BADD-6279E7A6F55A}.Release|Win32.Build.0 = Release|Win32
		{4F2B2D2E-8A92-423E-BADD-6279E7A6F55A}.Release|x64.ActiveCfg = Release|Win32
		{4F2B2D2E-8A92-423E-BADD-6279E7A6F55A}.Release|x86.ActiveCfg = Release|Win32
		{4F2B2D2E-8A92-423E-BADD-6279E7A6F55A}.Release|x86.Build.0 = Release|Win32
		{E3C564B0-6AAD-4BF7-ABE7-5948F6C8D8C5}.Debug_Unicode|Any CPU.ActiveCfg = Debug|Any CPU
		{E3C564B0-6AAD-4BF7-ABE7-5948F6C8D8C5}.Debug_Unicode|Any CPU.Build.0 = Debug|Any CPU
		{E3C564B0-6AAD-4BF7-ABE7-5948F6C8D8C5}.Debug_Unicode|Mixed Platforms.ActiveCfg = Debug|x86
		{E3C564B0-6AAD-4BF7-ABE7-5948F6C8D8C5}.Debug_Unicode|Mixed Platforms.Build.0 = Debug|x86
		{E3C564B0-6AAD-4BF7-ABE7-5948F6C8D8C5}.Debug_Unicode|Win32.ActiveCfg = Debug|x86
		{E3C564B0-6AAD-4BF7-ABE7-5948F6C8D8C5}.Debug_Unicode|Win32.Build.0 = Debug|x86
		{E3C564B0-6AAD-4BF7-ABE7-5948F6C8D8C5}.Debug_Unicode|x64.ActiveCfg = Debug|Any CPU
		{E3C564B0-6AAD-4BF7-ABE7-5948F6C8D8C5}.Debug_Unicode|x86.ActiveCfg = Debug|x86
		{E3C564B0-6AAD-4BF7-ABE7-5948F6C8D8C5}.Debug_Unicode|x86.Build.0 = Debug|x86
		{E3C564B0-6AAD-4BF7-ABE7-5948F6C8D8C5}.Debug|Any CPU.ActiveCfg = Debug|Any CPU
		{E3C564B0-6AAD-4BF7-ABE7-5948F6C8D8C5}.Debug|Any CPU.Build.0 = Debug|Any CPU
		{E3C564B0-6AAD-4BF7-ABE7-5948F6C8D8C5}.Debug|Mixed Platforms.ActiveCfg = Debug|x86
		{E3C564B0-6AAD-4BF7-ABE7-5948F6C8D8C5}.Debug|Mixed Platforms.Build.0 = Debug|x86
		{E3C564B0-6AAD-4BF7-ABE7-5948F6C8D8C5}.Debug|Win32.ActiveCfg = Debug|x86
		{E3C564B0-6AAD-4BF7-ABE7-5948F6C8D8C5}.Debug|Win32.Build.0 = Debug|x86
		{E3C564B0-6AAD-4BF7-ABE7-5948F6C8D8C5}.Debug|x64.ActiveCfg = Debug|Any CPU
		{E3C564B0-6AAD-4BF7-ABE7-5948F6C8D8C5}.Debug|x86.ActiveCfg = Debug|x86
		{E3C564B0-6AAD-4BF7-ABE7-5948F6C8D8C5}.Debug|x86.Build.0 = Debug|x86
		{E3C564B0-6AAD-4BF7-ABE7-5948F6C8D8C5}.Release_Unicode|Any CPU.ActiveCfg = Release|Any CPU
		{E3C564B0-6AAD-4BF7-ABE7-5948F6C8D8C5}.Release_Unicode|Any CPU.Build.0 = Release|Any CPU
		{E3C564B0-6AAD-4BF7-ABE7-5948F6C8D8C5}.Release_Unicode|Mixed Platforms.ActiveCfg = Release|x86
		{E3C564B0-6AAD-4BF7-ABE7-5948F6C8D8C5}.Release_Unicode|Mixed Platforms.Build.0 = Release|x86
		{E3C564B0-6AAD-4BF7-ABE7-5948F6C8D8C5}.Release_Unicode|Win32.ActiveCfg = Release|x86
		{E3C564B0-6AAD-4BF7-ABE7-5948F6C8D8C5}.Release_Unicode|Win32.Build.0 = Release|x86
		{E3C564B0-6AAD-4BF7-ABE7-5948F6C8D8C5}.Release_Unicode|x64.ActiveCfg = Release|Any CPU
		{E3C564B0-6AAD-4BF7-ABE7-5948F6C8D8C5}.Release_Unicode|x86.ActiveCfg = Release|x86
		{E3C564B0-6AAD-4BF7-ABE7-5948F6C8D8C5}.Release_Unicode|x86.Build.0 = Release|x86
		{E3C564B0-6AAD-4BF7-ABE7-5948F6C8D8C5}.Release|Any CPU.ActiveCfg = Release|Any CPU
		{E3C564B0-6AAD-4BF7-ABE7-5948F6C8D8C5}.Release|Any CPU.Build.0 = Release|Any CPU
		{E3C564B0-6AAD-4BF7-ABE7-5948F6C8D8C5}.Release|Mixed Platforms.ActiveCfg = Release|x86
		{E3C564B0-6AAD-4BF7-ABE7-5948F6C8D8C5}.Release|Mixed Platforms.Build.0 = Release|x86
		{E3C564B0-6AAD-4BF7-ABE7-5948F6C8D8C5}.Release|Win32.ActiveCfg = Release|x86
		{E3C564B0-6AAD-4BF7-ABE7-5948F6C8D8C5}.Release|Win32.Build.0 = Release|x86
		{E3C564B0-6AAD-4BF7-ABE7-5948F6C8D8C5}.Release|x64.ActiveCfg = Release|Any CPU
		{E3C564B0-6AAD-4BF7-ABE7-5948F6C8D8C5}.Release|x86.ActiveCfg = Release|x86
		{E3C564B0-6AAD-4BF7-ABE7-5948F6C8D8C5}.Release|x86.Build.0 = Release|x86
		{2E5B739B-B26D-4EA2-929E-2F848DCBB061}.Debug_Unicode|Any CPU.ActiveCfg = Debug|Win32
		{2E5B739B-B26D-4EA2-929E-2F848DCBB061}.Debug_Unicode|Mixed Platforms.ActiveCfg = Debug|Win32
		{2E5B739B-B26D-4EA2-929E-2F848DCBB061}.Debug_Unicode|Mixed Platforms.Build.0 = Debug|Win32
		{2E5B739B-B26D-4EA2-929E-2F848DCBB061}.Debug_Unicode|Win32.ActiveCfg = Debug|Win32
		{2E5B739B-B26D-4EA2-929E-2F848DCBB061}.Debug_Unicode|Win32.Build.0 = Debug|Win32
		{2E5B739B-B26D-4EA2-929E-2F848DCBB061}.Debug_Unicode|x64.ActiveCfg = Debug|Win32
		{2E5B739B-B26D-4EA2-929E-2F848DCBB061}.Debug_Unicode|x86.ActiveCfg = Debug|Win32
		{2E5B739B-B26D-4EA2-929E-2F848DCBB061}.Debug_Unicode|x86.Build.0 = Debug|Win32
		{2E5B739B-B26D-4EA2-929E-2F848DCBB061}.Debug|Any CPU.ActiveCfg = Debug|Win32
		{2E5B739B-B26D-4EA2-929E-2F848DCBB061}.Debug|Mixed Platforms.ActiveCfg = Debug|Win32
		{2E5B739B-B26D-4EA2-929E-2F848DCBB061}.Debug|Mixed Platforms.Build.0 = Debug|Win32
		{2E5B739B-B26D-4EA2-929E-2F848DCBB061}.Debug|Win32.ActiveCfg = Debug|Win32
		{2E5B739B-B26D-4EA2-929E-2F848DCBB061}.Debug|Win32.Build.0 = Debug|Win32
		{2E5B739B-B26D-4EA2-929E-2F848DCBB061}.Debug|x64.ActiveCfg = Debug|Win32
		{2E5B739B-B26D-4EA2-929E-2F848DCBB061}.Debug|x86.ActiveCfg = Debug|Win32
		{2E5B739B-B26D-4EA2-929E-2F848DCBB061}.Debug|x86.Build.0 = Debug|Win32
		{2E5B739B-B26D-4EA2-929E-2F848DCBB061}.Release_Unicode|Any CPU.ActiveCfg = Release|Win32
		{2E5B739B-B26D-4EA2-929E-2F848DCBB061}.Release_Unicode|Mixed Platforms.ActiveCfg = Release|Win32
		{2E5B739B-B26D-4EA2-929E-2F848DCBB061}.Release_Unicode|Mixed Platforms.Build.0 = Release|Win32
		{2E5B739B-B26D-4EA2-929E-2F848DCBB061}.Release_Unicode|Win32.ActiveCfg = Release|Win32
		{2E5B739B-B26D-4EA2-929E-2F848DCBB061}.Release_Unicode|Win32.Build.0 = Release|Win32
		{2E5B739B-B26D-4EA2-929E-2F848DCBB061}.Release_Unicode|x64.ActiveCfg = Release|Win32
		{2E5B739B-B26D-4EA2-929E-2F848DCBB061}.Release_Unicode|x86.ActiveCfg = Release|Win32
		{2E5B739B-B26D-4EA2-929E-2F848DCBB061}.Release_Unicode|x86.Build.0 = Release|Win32
		{2E5B739B-B26D-4EA2-929E-2F848DCBB061}.Release|Any CPU.ActiveCfg = Release|Win32
		{2E5B739B-B26D-4EA2-929E-2F848DCBB061}.Release|Mixed Platforms.ActiveCfg = Release|Win32
		{2E5B739B-B26D-4EA2-929E-2F848DCBB061}.Release|Mixed Platforms.Build.0 = Release|Win32
		{2E5B739B-B26D-4EA2-929E-2F848DCBB061}.Release|Win32.ActiveCfg = Release|Win32
		{2E5B739B-B26D-4EA2-929E-2F848DCBB061}.Release|Win32.Build.0 = Release|Win32
		{2E5B739B-B26D-4EA2-929E-2F848DCBB061}.Release|x64.ActiveCfg = Release|Win32
		{2E5B739B-B26D-4EA2-929E-2F848DCBB061}.Release|x86.ActiveCfg = Release|Win32
		{2E5B739B-B26D-4EA2-929E-2F848DCBB061}.Release|x86.Build.0 = Release|Win32
		{FF1D940E-3723-4A4B-96A9-0C38EE52EA53}.Debug_Unicode|Any CPU.ActiveCfg = Debug|Win32
		{FF1D940E-3723-4A4B-96A9-0C38EE52EA53}.Debug_Unicode|Mixed Platforms.ActiveCfg = Debug|Win32
		{FF1D940E-3723-4A4B-96A9-0C38EE52EA53}.Debug_Unicode|Mixed Platforms.Build.0 = Debug|Win32
		{FF1D940E-3723-4A4B-96A9-0C38EE52EA53}.Debug_Unicode|Win32.ActiveCfg = Debug|Win32
		{FF1D940E-3723-4A4B-96A9-0C38EE52EA53}.Debug_Unicode|Win32.Build.0 = Debug|Win32
		{FF1D940E-3723-4A4B-96A9-0C38EE52EA53}.Debug_Unicode|x64.ActiveCfg = Debug|Win32
		{FF1D940E-3723-4A4B-96A9-0C38EE52EA53}.Debug_Unicode|x86.ActiveCfg = Debug|Win32
		{FF1D940E-3723-4A4B-96A9-0C38EE52EA53}.Debug_Unicode|x86.Build.0 = Debug|Win32
		{FF1D940E-3723-4A4B-96A9-0C38EE52EA53}.Debug|Any CPU.ActiveCfg = Debug|Win32
		{FF1D940E-3723-4A4B-96A9-0C38EE52EA53}.Debug|Mixed Platforms.ActiveCfg = Debug|Win32
		{FF1D940E-3723-4A4B-96A9-0C38EE52EA53}.Debug|Mixed Platforms.Build.0 = Debug|Win32
		{FF1D940E-3723-4A4B-96A9-0C38EE52EA53}.Debug|Win32.ActiveCfg = Debug|Win32
		{FF1D940E-3723-4A4B-96A9-0C38EE52EA53}.Debug|Win32.Build.0 = Debug|Win32
		{FF1D940E-3723-4A4B-96A9-0C38EE52EA53}.Debug|x64.ActiveCfg = Debug|Win32
		{FF1D940E-3723-4A4B-96A9-0C38EE52EA53}.Debug|x86.ActiveCfg = Debug|Win32
		{FF1D940E-3723-4A4B-96A9-0C38EE52EA53}.Debug|x86.Build.0 = Debug|Win32
		{FF1D940E-3723-4A4B-96A9-0C38EE52EA53}.Release_Unicode|Any CPU.ActiveCfg = Release|Win32
		{FF1D940E-3723-4A4B-96A9-0C38EE52EA53}.Release_Unicode|Mixed Platforms.ActiveCfg = Release|Win32
		{FF1D940E-3723-4A4B-96A9-0C38EE52EA53}.Release_Unicode|Mixed Platforms.Build.0 = Release|Win32
		{FF1D940E-3723-4A4B-96A9-0C38EE52EA53}.Release_Unicode|Win32.ActiveCfg = Release|Win32
		{FF1D940E-3723-4A4B-96A9-0C38EE52EA53}.Release_Unicode|Win32.Build.0 = Release|Win32
		{FF1D940E-3723-4A4B-96A9-0C38EE52EA53}.Release_Unicode|x64.ActiveCfg = Release|Win32
		{FF1D940E-3723-4A4B-96A9-0C38EE52EA53}.Release_Unicode|x86.ActiveCfg = Release|Win32
		{FF1D940E-3723-4A4B-96A9-0C38EE52EA53}.Release_Unicode|x86.Build.0 = Release|Win32
		{FF1D940E-3723-4A4B-96A9-0C38EE52EA53}.Release|Any CPU.ActiveCfg = Release|Win32
		{FF1D940E-3723-4A4B-96A9-0C38EE52EA53}.Release|Mixed Platforms.ActiveCfg = Release|Win32
		{FF1D940E-3723-4A4B-96A9-0C38EE52EA53}.Release|Mixed Platforms.Build.0 = Release|Win32
		{FF1D940E-3723-4A4B-96A9-0C38EE52EA53}.Release|Win32.ActiveCfg = Release|Win32
		{FF1D940E-3723-4A4B-96A9-0C38EE52EA53}.Release|Win32.Build.0 = Release|Win32
		{FF1D940E-3723-4A4B-96A9-0C38EE52EA53}.Release|x64.ActiveCfg = Release|Win32
		{FF1D940E-3723-4A4B-96A9-0C38EE52EA53}.Release|x86.ActiveCfg = Release|Win32
		{FF1D940E-3723-4A4B-96A9-0C38EE52EA53}.Release|x86.Build.0 = Release|Win32
		{31ED44A3-5309-481D-B27C-0D6F3C4D1DD1}.Debug_Unicode|Any CPU.ActiveCfg = Debug|Win32
		{31ED44A3-5309-481D-B27C-0D6F3C4D1DD1}.Debug_Unicode|Mixed Platforms.ActiveCfg = Debug|Win32
		{31ED44A3-5309-481D-B27C-0D6F3C4D1DD1}.Debug_Unicode|Mixed Platforms.Build.0 = Debug|Win32
		{31ED44A3-5309-481D-B27C-0D6F3C4D1DD1}.Debug_Unicode|Win32.ActiveCfg = Debug|Win32
		{31ED44A3-5309-481D-B27C-0D6F3C4D1DD1}.Debug_Unicode|Win32.Build.0 = Debug|Win32
		{31ED44A3-5309-481D-B27C-0D6F3C4D1DD1}.Debug_Unicode|x64.ActiveCfg = Debug|Win32
		{31ED44A3-5309-481D-B27C-0D6F3C4D1DD1}.Debug_Unicode|x86.ActiveCfg = Debug|Win32
		{31ED44A3-5309-481D-B27C-0D6F3C4D1DD1}.Debug_Unicode|x86.Build.0 = Debug|Win32
		{31ED44A3-5309-481D-B27C-0D6F3C4D1DD1}.Debug|Any CPU.ActiveCfg = Debug|Win32
		{31ED44A3-5309-481D-B27C-0D6F3C4D1DD1}.Debug|Mixed Platforms.ActiveCfg = Debug|Win32
		{31ED44A3-5309-481D-B27C-0D6F3C4D1DD1}.Debug|Mixed Platforms.Build.0 = Debug|Win32
		{31ED44A3-5309-481D-B27C-0D6F3C4D1DD1}.Debug|Win32.ActiveCfg = Debug|Win32
		{31ED44A3-5309-481D-B27C-0D6F3C4D1DD1}.Debug|Win32.Build.0 = Debug|Win32
		{31ED44A3-5309-481D-B27C-0D6F3C4D1DD1}.Debug|x64.ActiveCfg = Debug|Win32
		{31ED44A3-5309-481D-B27C-0D6F3C4D1DD1}.Debug|x86.ActiveCfg = Debug|Win32
		{31ED44A3-5309-481D-B27C-0D6F3C4D1DD1}.Debug|x86.Build.0 = Debug|Win32
		{31ED44A3-5309-481D-B27C-0D6F3C4D1DD1}.Release_Unicode|Any CPU.ActiveCfg = Release|Win32
		{31ED44A3-5309-481D-B27C-0D6F3C4D1DD1}.Release_Unicode|Mixed Platforms.ActiveCfg = Release|Win32
		{31ED44A3-5309-481D-B27C-0D6F3C4D1DD1}.Release_Unicode|Mixed Platforms.Build.0 = Release|Win32
		{31ED44A3-5309-481D-B27C-0D6F3C4D1DD1}.Release_Unicode|Win32.ActiveCfg = Release|Win32
		{31ED44A3-5309-481D-B27C-0D6F3C4D1DD1}.Release_Unicode|Win32.Build.0 = Release|Win32
		{31ED44A3-5309-481D-B27C-0D6F3C4D1DD1}.Release_Unicode|x64.ActiveCfg = Release|Win32
		{31ED44A3-5309-481D-B27C-0D6F3C4D1DD1}.Release_Unicode|x86.ActiveCfg = Release|Win32
		{31ED44A3-5309-481D-B27C-0D6F3C4D1DD1}.Release_Unicode|x86.Build.0 = Release|Win32
		{31ED44A3-5309-481D-B27C-0D6F3C4D1DD1}.Release|Any CPU.ActiveCfg = Release|Win32
		{31ED44A3-5309-481D-B27C-0D6F3C4D1DD1}.Release|Mixed Platforms.ActiveCfg = Release|Win32
		{31ED44A3-5309-481D-B27C-0D6F3C4D1DD1}.Release|Mixed Platforms.Build.0 = Release|Win32
		{31ED44A3-5309-481D-B27C-0D6F3C4D1DD1}.Release|Win32.ActiveCfg = Release|Win32
		{31ED44A3-5309-481D-B27C-0D6F3C4D1DD1}.Release|Win32.Build.0 = Release|Win32
		{31ED44A3-5309-481D-B27C-0D6F3C4D1DD1}.Release|x64.ActiveCfg = Release|Win32
		{31ED44A3-5309-481D-B27C-0D6F3C4D1DD1}.Release|x86.ActiveCfg = Release|Win32
		{31ED44A3-5309-481D-B27C-0D6F3C4D1DD1}.Release|x86.Build.0 = Release|Win32
		{6C8FA96F-E23B-43D6-A7A9-95EA73190F01}.Debug_Unicode|Any CPU.ActiveCfg = Debug|Win32
		{6C8FA96F-E23B-43D6-A7A9-95EA73190F01}.Debug_Unicode|Mixed Platforms.ActiveCfg = Debug|Win32
		{6C8FA96F-E23B-43D6-A7A9-95EA73190F01}.Debug_Unicode|Mixed Platforms.Build.0 = Debug|Win32
		{6C8FA96F-E23B-43D6-A7A9-95EA73190F01}.Debug_Unicode|Win32.ActiveCfg = Debug|Win32
		{6C8FA96F-E23B-43D6-A7A9-95EA73190F01}.Debug_Unicode|Win32.Build.0 = Debug|Win32
		{6C8FA96F-E23B-43D6-A7A9-95EA73190F01}.Debug_Unicode|x64.ActiveCfg = Debug|Win32
		{6C8FA96F-E23B-43D6-A7A9-95EA73190F01}.Debug_Unicode|x86.ActiveCfg = Debug|Win32
		{6C8FA96F-E23B-43D6-A7A9-95EA73190F01}.Debug_Unicode|x86.Build.0 = Debug|Win32
		{6C8FA96F-E23B-43D6-A7A9-95EA73190F01}.Debug|Any CPU.ActiveCfg = Debug|Win32
		{6C8FA96F-E23B-43D6-A7A9-95EA73190F01}.Debug|Mixed Platforms.ActiveCfg = Debug|Win32
		{6C8FA96F-E23B-43D6-A7A9-95EA73190F01}.Debug|Mixed Platforms.Build.0 = Debug|Win32
		{6C8FA96F-E23B-43D6-A7A9-95EA73190F01}.Debug|Win32.ActiveCfg = Debug|Win32
		{6C8FA96F-E23B-43D6-A7A9-95EA73190F01}.Debug|Win32.Build.0 = Debug|Win32
		{6C8FA96F-E23B-43D6-A7A9-95EA73190F01}.Debug|x64.ActiveCfg = Debug|Win32
		{6C8FA96F-E23B-43D6-A7A9-95EA73190F01}.Debug|x86.ActiveCfg = Debug|Win32
		{6C8FA96F-E23B-43D6-A7A9-95EA73190F01}.Debug|x86.Build.0 = Debug|Win32
		{6C8FA96F-E23B-43D6-A7A9-95EA73190F01}.Release_Unicode|Any CPU.ActiveCfg = Release|Win32
		{6C8FA96F-E23B-43D6-A7A9-95EA73190F01}.Release_Unicode|Mixed Platforms.ActiveCfg = Release|Win32
		{6C8FA96F-E23B-43D6-A7A9-95EA73190F01}.Release_Unicode|Mixed Platforms.Build.0 = Release|Win32
		{6C8FA96F-E23B-43D6-A7A9-95EA73190F01}.Release_Unicode|Win32.ActiveCfg = Release|Win32
		{6C8FA96F-E23B-43D6-A7A9-95EA73190F01}.Release_Unicode|Win32.Build.0 = Release|Win32
		{6C8FA96F-E23B-43D6-A7A9-95EA73190F01}.Release_Unicode|x64.ActiveCfg = Release|Win32
		{6C8FA96F-E23B-43D6-A7A9-95EA73190F01}.Release_Unicode|x86.ActiveCfg = Release|Win32
		{6C8FA96F-E23B-43D6-A7A9-95EA73190F01}.Release_Unicode|x86.Build.0 = Release|Win32
		{6C8FA96F-E23B-43D6-A7A9-95EA73190F01}.Release|Any CPU.ActiveCfg = Release|Win32
		{6C8FA96F-E23B-43D6-A7A9-95EA73190F01}.Release|Mixed Platforms.ActiveCfg = Release|Win32
		{6C8FA96F-E23B-43D6-A7A9-95EA73190F01}.Release|Mixed Platforms.Build.0 = Release|Win32
		{6C8FA96F-E23B-43D6-A7A9-95EA73190F01}.Release|Win32.ActiveCfg = Release|Win32
		{6C8FA96F-E23B-43D6-A7A9-95EA73190F01}.Release|Win32.Build.0 = Release|Win32
		{6C8FA96F-E23B-43D6-A7A9-95EA73190F01}.Release|x64.ActiveCfg = Release|Win32
		{6C8FA96F-E23B-43D6-A7A9-95EA73190F01}.Release|x86.ActiveCfg = Release|Win32
		{6C8FA96F-E23B-43D6-A7A9-95EA73190F01}.Release|x86.Build.0 = Release|Win32
	EndGlobalSection
	GlobalSection(SolutionProperties) = preSolution
		HideSolutionNode = FALSE
	EndGlobalSection
	GlobalSection(PowerDesigner) = preSolution
		HasSWS = 1
	EndGlobalSection
EndGlobal
